
Microsoft Visual Studio Solution File, Format Version 12.00
# Visual Studio Version 16
VisualStudioVersion = 16.0.30717.126
MinimumVisualStudioVersion = 10.0.40219.1
Project("{9A19103F-16F7-4668-BE54-9A1E7A4F7556}") = "CourseProject", "CourseProject\CourseProject.csproj", "{908C9824-B9A5-411C-9F3C-7575B3FB6719}"
	ProjectSection(ProjectDependencies) = postProject
		{77DC7AAB-9FFB-4783-953E-4A7FF1BD22FC} = {77DC7AAB-9FFB-4783-953E-4A7FF1BD22FC}
	EndProjectSection
EndProject
Project("{FAE04EC0-301F-11D3-BF4B-00C04F79EFBC}") = "BusinessLayer", "BusinessLayer\BusinessLayer.csproj", "{F15FB236-8C9C-4934-B610-0D984207BFAF}"
EndProject
Project("{FAE04EC0-301F-11D3-BF4B-00C04F79EFBC}") = "DataAccessLayer", "DataAccessLayer\DataAccessLayer.csproj", "{B977E427-4697-4870-9948-84475DAF4920}"
EndProject
Project("{FAE04EC0-301F-11D3-BF4B-00C04F79EFBC}") = "Identity", "Identity\Identity.csproj", "{77DC7AAB-9FFB-4783-953E-4A7FF1BD22FC}"
EndProject
Global
	GlobalSection(SolutionConfigurationPlatforms) = preSolution
		Debug|Any CPU = Debug|Any CPU
		Release|Any CPU = Release|Any CPU
	EndGlobalSection
	GlobalSection(ProjectConfigurationPlatforms) = postSolution
		{908C9824-B9A5-411C-9F3C-7575B3FB6719}.Debug|Any CPU.ActiveCfg = Debug|Any CPU
		{908C9824-B9A5-411C-9F3C-7575B3FB6719}.Debug|Any CPU.Build.0 = Debug|Any CPU
		{908C9824-B9A5-411C-9F3C-7575B3FB6719}.Release|Any CPU.ActiveCfg = Release|Any CPU
		{908C9824-B9A5-411C-9F3C-7575B3FB6719}.Release|Any CPU.Build.0 = Release|Any CPU
		{F15FB236-8C9C-4934-B610-0D984207BFAF}.Debug|Any CPU.ActiveCfg = Debug|Any CPU
		{F15FB236-8C9C-4934-B610-0D984207BFAF}.Debug|Any CPU.Build.0 = Debug|Any CPU
		{F15FB236-8C9C-4934-B610-0D984207BFAF}.Release|Any CPU.ActiveCfg = Release|Any CPU
		{F15FB236-8C9C-4934-B610-0D984207BFAF}.Release|Any CPU.Build.0 = Release|Any CPU
		{B977E427-4697-4870-9948-84475DAF4920}.Debug|Any CPU.ActiveCfg = Debug|Any CPU
		{B977E427-4697-4870-9948-84475DAF4920}.Debug|Any CPU.Build.0 = Debug|Any CPU
		{B977E427-4697-4870-9948-84475DAF4920}.Release|Any CPU.ActiveCfg = Release|Any CPU
		{B977E427-4697-4870-9948-84475DAF4920}.Release|Any CPU.Build.0 = Release|Any CPU
		{77DC7AAB-9FFB-4783-953E-4A7FF1BD22FC}.Debug|Any CPU.ActiveCfg = Debug|Any CPU
		{77DC7AAB-9FFB-4783-953E-4A7FF1BD22FC}.Debug|Any CPU.Build.0 = Debug|Any CPU
		{77DC7AAB-9FFB-4783-953E-4A7FF1BD22FC}.Release|Any CPU.ActiveCfg = Release|Any CPU
		{77DC7AAB-9FFB-4783-953E-4A7FF1BD22FC}.Release|Any CPU.Build.0 = Release|Any CPU
	EndGlobalSection
	GlobalSection(SolutionProperties) = preSolution
		HideSolutionNode = FALSE
	EndGlobalSection
	GlobalSection(ExtensibilityGlobals) = postSolution
		SolutionGuid = {4204525C-B907-44CD-A7AB-6C9476FBAE10}
	EndGlobalSection
EndGlobal
