
Microsoft Visual Studio Solution File, Format Version 12.00
# Visual Studio Version 16
VisualStudioVersion = 16.0.30717.126
MinimumVisualStudioVersion = 10.0.40219.1
Project("{FAE04EC0-301F-11D3-BF4B-00C04F79EFBC}") = "CourseProject", "CourseProject\CourseProject.csproj", "{908C9824-B9A5-411C-9F3C-7575B3FB6719}"
EndProject
Global
	GlobalSection(SolutionConfigurationPlatforms) = preSolution
		Debug|Any CPU = Debug|Any CPU
		Release|Any CPU = Release|Any CPU
	EndGlobalSection
	GlobalSection(ProjectConfigurationPlatforms) = postSolution
		{908C9824-B9A5-411C-9F3C-7575B3FB6719}.Debug|Any CPU.ActiveCfg = Debug|Any CPU
		{908C9824-B9A5-411C-9F3C-7575B3FB6719}.Debug|Any CPU.Build.0 = Debug|Any CPU
		{908C9824-B9A5-411C-9F3C-7575B3FB6719}.Release|Any CPU.ActiveCfg = Release|Any CPU
		{908C9824-B9A5-411C-9F3C-7575B3FB6719}.Release|Any CPU.Build.0 = Release|Any CPU
	EndGlobalSection
	GlobalSection(SolutionProperties) = preSolution
		HideSolutionNode = FALSE
	EndGlobalSection
	GlobalSection(ExtensibilityGlobals) = postSolution
		SolutionGuid = {4204525C-B907-44CD-A7AB-6C9476FBAE10}
	EndGlobalSection
EndGlobal
